
Microsoft Visual Studio Solution File, Format Version 12.00
# Visual Studio Version 17
VisualStudioVersion = 17.2.32519.379
MinimumVisualStudioVersion = 10.0.40219.1
Project("{9A19103F-16F7-4668-BE54-9A1E7A4F7556}") = "LibLite.Seri.Lite", "Seri-Lite\LibLite.Seri.Lite.csproj", "{1F87C04A-CF0E-44EA-B0E4-161EBC193102}"
EndProject
Project("{9A19103F-16F7-4668-BE54-9A1E7A4F7556}") = "LibLite.Seri.Lite.Tests", "Seri-Lite-Unit-Tests\LibLite.Seri.Lite.Tests.csproj", "{308C6000-03BB-4395-A4B2-23989BF71BD6}"
EndProject
Global
	GlobalSection(SolutionConfigurationPlatforms) = preSolution
		Debug|Any CPU = Debug|Any CPU
		Release|Any CPU = Release|Any CPU
	EndGlobalSection
	GlobalSection(ProjectConfigurationPlatforms) = postSolution
		{1F87C04A-CF0E-44EA-B0E4-161EBC193102}.Debug|Any CPU.ActiveCfg = Debug|Any CPU
		{1F87C04A-CF0E-44EA-B0E4-161EBC193102}.Debug|Any CPU.Build.0 = Debug|Any CPU
		{1F87C04A-CF0E-44EA-B0E4-161EBC193102}.Release|Any CPU.ActiveCfg = Release|Any CPU
		{1F87C04A-CF0E-44EA-B0E4-161EBC193102}.Release|Any CPU.Build.0 = Release|Any CPU
		{308C6000-03BB-4395-A4B2-23989BF71BD6}.Debug|Any CPU.ActiveCfg = Debug|Any CPU
		{308C6000-03BB-4395-A4B2-23989BF71BD6}.Debug|Any CPU.Build.0 = Debug|Any CPU
		{308C6000-03BB-4395-A4B2-23989BF71BD6}.Release|Any CPU.ActiveCfg = Release|Any CPU
		{308C6000-03BB-4395-A4B2-23989BF71BD6}.Release|Any CPU.Build.0 = Release|Any CPU
	EndGlobalSection
	GlobalSection(SolutionProperties) = preSolution
		HideSolutionNode = FALSE
	EndGlobalSection
	GlobalSection(ExtensibilityGlobals) = postSolution
		SolutionGuid = {4BFC4EE5-927B-4501-9977-C402D796E8EC}
	EndGlobalSection
EndGlobal
