
Microsoft Visual Studio Solution File, Format Version 12.00
# Visual Studio Version 16
VisualStudioVersion = 16.0.31313.79
MinimumVisualStudioVersion = 10.0.40219.1
Project("{FAE04EC0-301F-11D3-BF4B-00C04F79EFBC}") = "Seri-Lite", "Seri-Lite\Seri-Lite.csproj", "{1F87C04A-CF0E-44EA-B0E4-161EBC193102}"
EndProject
Project("{FAE04EC0-301F-11D3-BF4B-00C04F79EFBC}") = "Seri-Lite-Unit-Tests", "Seri-Lite-Unit-Tests\Seri-Lite-Unit-Tests.csproj", "{308C6000-03BB-4395-A4B2-23989BF71BD6}"
EndProject
Global
	GlobalSection(SolutionConfigurationPlatforms) = preSolution
		Debug|Any CPU = Debug|Any CPU
		Release|Any CPU = Release|Any CPU
	EndGlobalSection
	GlobalSection(ProjectConfigurationPlatforms) = postSolution
		{1F87C04A-CF0E-44EA-B0E4-161EBC193102}.Debug|Any CPU.ActiveCfg = Debug|Any CPU
		{1F87C04A-CF0E-44EA-B0E4-161EBC193102}.Debug|Any CPU.Build.0 = Debug|Any CPU
		{1F87C04A-CF0E-44EA-B0E4-161EBC193102}.Release|Any CPU.ActiveCfg = Release|Any CPU
		{1F87C04A-CF0E-44EA-B0E4-161EBC193102}.Release|Any CPU.Build.0 = Release|Any CPU
		{308C6000-03BB-4395-A4B2-23989BF71BD6}.Debug|Any CPU.ActiveCfg = Debug|Any CPU
		{308C6000-03BB-4395-A4B2-23989BF71BD6}.Debug|Any CPU.Build.0 = Debug|Any CPU
		{308C6000-03BB-4395-A4B2-23989BF71BD6}.Release|Any CPU.ActiveCfg = Release|Any CPU
		{308C6000-03BB-4395-A4B2-23989BF71BD6}.Release|Any CPU.Build.0 = Release|Any CPU
	EndGlobalSection
	GlobalSection(SolutionProperties) = preSolution
		HideSolutionNode = FALSE
	EndGlobalSection
	GlobalSection(ExtensibilityGlobals) = postSolution
		SolutionGuid = {4BFC4EE5-927B-4501-9977-C402D796E8EC}
	EndGlobalSection
EndGlobal
